// !$*UTF8*$!
{
	archiveVersion = 1;
	classes = {
	};
	objectVersion = 77;
	objects = {

/* Begin PBXBuildFile section */
		1AB4FA3610E981F85A49DE3F /* Pods_Invertebrate_InvertebrateUITests.framework in Frameworks */ = {isa = PBXBuildFile; fileRef = 185FA7FDA3A1D4E47D4EF3FF /* Pods_Invertebrate_InvertebrateUITests.framework */; };
		33584A3B7F116CADE35ED401 /* Pods_InvertebrateTests.framework in Frameworks */ = {isa = PBXBuildFile; fileRef = 5F7815EB761987E35B5DAAA8 /* Pods_InvertebrateTests.framework */; };
		9462B30A2CFBA29F00F43E4F /* Roboflow.framework in Frameworks */ = {isa = PBXBuildFile; fileRef = 9462B3092CFBA29F00F43E4F /* Roboflow.framework */; };
		C3F925D118244BCF3C26CAD2 /* Pods_Invertebrate.framework in Frameworks */ = {isa = PBXBuildFile; fileRef = AC1C370979791483589BBD26 /* Pods_Invertebrate.framework */; };
/* End PBXBuildFile section */

/* Begin PBXContainerItemProxy section */
		9447CD8F2CFACC3500EBD846 /* PBXContainerItemProxy */ = {
			isa = PBXContainerItemProxy;
			containerPortal = 9447CD762CFACC3400EBD846 /* Project object */;
			proxyType = 1;
			remoteGlobalIDString = 9447CD7D2CFACC3400EBD846;
			remoteInfo = Invertebrate;
		};
		9447CD992CFACC3500EBD846 /* PBXContainerItemProxy */ = {
			isa = PBXContainerItemProxy;
			containerPortal = 9447CD762CFACC3400EBD846 /* Project object */;
			proxyType = 1;
			remoteGlobalIDString = 9447CD7D2CFACC3400EBD846;
			remoteInfo = Invertebrate;
		};
/* End PBXContainerItemProxy section */

/* Begin PBXFileReference section */
		0BF8DCDC7C11AC08CFFA6491 /* Pods-InvertebrateTests.debug.xcconfig */ = {isa = PBXFileReference; includeInIndex = 1; lastKnownFileType = text.xcconfig; name = "Pods-InvertebrateTests.debug.xcconfig"; path = "Target Support Files/Pods-InvertebrateTests/Pods-InvertebrateTests.debug.xcconfig"; sourceTree = "<group>"; };
		185FA7FDA3A1D4E47D4EF3FF /* Pods_Invertebrate_InvertebrateUITests.framework */ = {isa = PBXFileReference; explicitFileType = wrapper.framework; includeInIndex = 0; path = Pods_Invertebrate_InvertebrateUITests.framework; sourceTree = BUILT_PRODUCTS_DIR; };
		4517EFDA384043F5E348092A /* Pods-InvertebrateTests.release.xcconfig */ = {isa = PBXFileReference; includeInIndex = 1; lastKnownFileType = text.xcconfig; name = "Pods-InvertebrateTests.release.xcconfig"; path = "Target Support Files/Pods-InvertebrateTests/Pods-InvertebrateTests.release.xcconfig"; sourceTree = "<group>"; };
		5F7815EB761987E35B5DAAA8 /* Pods_InvertebrateTests.framework */ = {isa = PBXFileReference; explicitFileType = wrapper.framework; includeInIndex = 0; path = Pods_InvertebrateTests.framework; sourceTree = BUILT_PRODUCTS_DIR; };
		6729857566EF63618B209B58 /* Pods-Invertebrate-InvertebrateUITests.debug.xcconfig */ = {isa = PBXFileReference; includeInIndex = 1; lastKnownFileType = text.xcconfig; name = "Pods-Invertebrate-InvertebrateUITests.debug.xcconfig"; path = "Target Support Files/Pods-Invertebrate-InvertebrateUITests/Pods-Invertebrate-InvertebrateUITests.debug.xcconfig"; sourceTree = "<group>"; };
		6A39A8E3F83C15BA43FB9D43 /* Pods-Invertebrate.release.xcconfig */ = {isa = PBXFileReference; includeInIndex = 1; lastKnownFileType = text.xcconfig; name = "Pods-Invertebrate.release.xcconfig"; path = "Target Support Files/Pods-Invertebrate/Pods-Invertebrate.release.xcconfig"; sourceTree = "<group>"; };
		84EB85C80ED4663CE1AC4E60 /* Pods-Invertebrate.debug.xcconfig */ = {isa = PBXFileReference; includeInIndex = 1; lastKnownFileType = text.xcconfig; name = "Pods-Invertebrate.debug.xcconfig"; path = "Target Support Files/Pods-Invertebrate/Pods-Invertebrate.debug.xcconfig"; sourceTree = "<group>"; };
		9447CD7E2CFACC3400EBD846 /* Invertebrate.app */ = {isa = PBXFileReference; explicitFileType = wrapper.application; includeInIndex = 0; path = Invertebrate.app; sourceTree = BUILT_PRODUCTS_DIR; };
		9447CD8E2CFACC3500EBD846 /* InvertebrateTests.xctest */ = {isa = PBXFileReference; explicitFileType = wrapper.cfbundle; includeInIndex = 0; path = InvertebrateTests.xctest; sourceTree = BUILT_PRODUCTS_DIR; };
		9447CD982CFACC3500EBD846 /* InvertebrateUITests.xctest */ = {isa = PBXFileReference; explicitFileType = wrapper.cfbundle; includeInIndex = 0; path = InvertebrateUITests.xctest; sourceTree = BUILT_PRODUCTS_DIR; };
		9462B2C02CFB92BC00F43E4F /* Roboflow.framework */ = {isa = PBXFileReference; explicitFileType = wrapper.framework; path = Roboflow.framework; sourceTree = BUILT_PRODUCTS_DIR; };
		9462B3092CFBA29F00F43E4F /* Roboflow.framework */ = {isa = PBXFileReference; explicitFileType = wrapper.framework; path = Roboflow.framework; sourceTree = BUILT_PRODUCTS_DIR; };
		AC1C370979791483589BBD26 /* Pods_Invertebrate.framework */ = {isa = PBXFileReference; explicitFileType = wrapper.framework; includeInIndex = 0; path = Pods_Invertebrate.framework; sourceTree = BUILT_PRODUCTS_DIR; };
		CB7E5C887EC82FC605D07189 /* Pods-Invertebrate-InvertebrateUITests.release.xcconfig */ = {isa = PBXFileReference; includeInIndex = 1; lastKnownFileType = text.xcconfig; name = "Pods-Invertebrate-InvertebrateUITests.release.xcconfig"; path = "Target Support Files/Pods-Invertebrate-InvertebrateUITests/Pods-Invertebrate-InvertebrateUITests.release.xcconfig"; sourceTree = "<group>"; };
/* End PBXFileReference section */

/* Begin PBXFileSystemSynchronizedRootGroup section */
		9447CD802CFACC3400EBD846 /* Invertebrate */ = {
			isa = PBXFileSystemSynchronizedRootGroup;
			path = Invertebrate;
			sourceTree = "<group>";
		};
		9447CD912CFACC3500EBD846 /* InvertebrateTests */ = {
			isa = PBXFileSystemSynchronizedRootGroup;
			path = InvertebrateTests;
			sourceTree = "<group>";
		};
		9447CD9B2CFACC3500EBD846 /* InvertebrateUITests */ = {
			isa = PBXFileSystemSynchronizedRootGroup;
			path = InvertebrateUITests;
			sourceTree = "<group>";
		};
/* End PBXFileSystemSynchronizedRootGroup section */

/* Begin PBXFrameworksBuildPhase section */
		9447CD7B2CFACC3400EBD846 /* Frameworks */ = {
			isa = PBXFrameworksBuildPhase;
			buildActionMask = 2147483647;
			files = (
				9462B30A2CFBA29F00F43E4F /* Roboflow.framework in Frameworks */,
				C3F925D118244BCF3C26CAD2 /* Pods_Invertebrate.framework in Frameworks */,
			);
			runOnlyForDeploymentPostprocessing = 0;
		};
		9447CD8B2CFACC3500EBD846 /* Frameworks */ = {
			isa = PBXFrameworksBuildPhase;
			buildActionMask = 2147483647;
			files = (
				33584A3B7F116CADE35ED401 /* Pods_InvertebrateTests.framework in Frameworks */,
			);
			runOnlyForDeploymentPostprocessing = 0;
		};
		9447CD952CFACC3500EBD846 /* Frameworks */ = {
			isa = PBXFrameworksBuildPhase;
			buildActionMask = 2147483647;
			files = (
				1AB4FA3610E981F85A49DE3F /* Pods_Invertebrate_InvertebrateUITests.framework in Frameworks */,
			);
			runOnlyForDeploymentPostprocessing = 0;
		};
/* End PBXFrameworksBuildPhase section */

/* Begin PBXGroup section */
		9447CD752CFACC3400EBD846 = {
			isa = PBXGroup;
			children = (
				9447CD802CFACC3400EBD846 /* Invertebrate */,
				9447CD912CFACC3500EBD846 /* InvertebrateTests */,
				9447CD9B2CFACC3500EBD846 /* InvertebrateUITests */,
				9447CD7F2CFACC3400EBD846 /* Products */,
				DDBDC5A8522C31B6B36FC009 /* Pods */,
				C0E0D3B21F7293A1E9EB0A87 /* Frameworks */,
			);
			sourceTree = "<group>";
		};
		9447CD7F2CFACC3400EBD846 /* Products */ = {
			isa = PBXGroup;
			children = (
				9447CD7E2CFACC3400EBD846 /* Invertebrate.app */,
				9447CD8E2CFACC3500EBD846 /* InvertebrateTests.xctest */,
				9447CD982CFACC3500EBD846 /* InvertebrateUITests.xctest */,
			);
			name = Products;
			sourceTree = "<group>";
		};
		C0E0D3B21F7293A1E9EB0A87 /* Frameworks */ = {
			isa = PBXGroup;
			children = (
				9462B3092CFBA29F00F43E4F /* Roboflow.framework */,
				9462B2C02CFB92BC00F43E4F /* Roboflow.framework */,
				AC1C370979791483589BBD26 /* Pods_Invertebrate.framework */,
				185FA7FDA3A1D4E47D4EF3FF /* Pods_Invertebrate_InvertebrateUITests.framework */,
				5F7815EB761987E35B5DAAA8 /* Pods_InvertebrateTests.framework */,
			);
			name = Frameworks;
			sourceTree = "<group>";
		};
		DDBDC5A8522C31B6B36FC009 /* Pods */ = {
			isa = PBXGroup;
			children = (
				84EB85C80ED4663CE1AC4E60 /* Pods-Invertebrate.debug.xcconfig */,
				6A39A8E3F83C15BA43FB9D43 /* Pods-Invertebrate.release.xcconfig */,
				6729857566EF63618B209B58 /* Pods-Invertebrate-InvertebrateUITests.debug.xcconfig */,
				CB7E5C887EC82FC605D07189 /* Pods-Invertebrate-InvertebrateUITests.release.xcconfig */,
				0BF8DCDC7C11AC08CFFA6491 /* Pods-InvertebrateTests.debug.xcconfig */,
				4517EFDA384043F5E348092A /* Pods-InvertebrateTests.release.xcconfig */,
			);
			path = Pods;
			sourceTree = "<group>";
		};
/* End PBXGroup section */

/* Begin PBXNativeTarget section */
		9447CD7D2CFACC3400EBD846 /* Invertebrate */ = {
			isa = PBXNativeTarget;
			buildConfigurationList = 9447CDA22CFACC3500EBD846 /* Build configuration list for PBXNativeTarget "Invertebrate" */;
			buildPhases = (
				21AE6554003CBA0F2CD64C46 /* [CP] Check Pods Manifest.lock */,
				9447CD7A2CFACC3400EBD846 /* Sources */,
				9447CD7B2CFACC3400EBD846 /* Frameworks */,
				9447CD7C2CFACC3400EBD846 /* Resources */,
				88D8813A3E90FF51EEAEB7D9 /* [CP] Embed Pods Frameworks */,
			);
			buildRules = (
			);
			dependencies = (
			);
			fileSystemSynchronizedGroups = (
				9447CD802CFACC3400EBD846 /* Invertebrate */,
			);
			name = Invertebrate;
			productName = Invertebrate;
			productReference = 9447CD7E2CFACC3400EBD846 /* Invertebrate.app */;
			productType = "com.apple.product-type.application";
		};
		9447CD8D2CFACC3500EBD846 /* InvertebrateTests */ = {
			isa = PBXNativeTarget;
			buildConfigurationList = 9447CDA52CFACC3500EBD846 /* Build configuration list for PBXNativeTarget "InvertebrateTests" */;
			buildPhases = (
				3D7E2C10E5170A533EAF3015 /* [CP] Check Pods Manifest.lock */,
				9447CD8A2CFACC3500EBD846 /* Sources */,
				9447CD8B2CFACC3500EBD846 /* Frameworks */,
				9447CD8C2CFACC3500EBD846 /* Resources */,
			);
			buildRules = (
			);
			dependencies = (
				9447CD902CFACC3500EBD846 /* PBXTargetDependency */,
			);
			fileSystemSynchronizedGroups = (
				9447CD912CFACC3500EBD846 /* InvertebrateTests */,
			);
			name = InvertebrateTests;
			productName = InvertebrateTests;
			productReference = 9447CD8E2CFACC3500EBD846 /* InvertebrateTests.xctest */;
			productType = "com.apple.product-type.bundle.unit-test";
		};
		9447CD972CFACC3500EBD846 /* InvertebrateUITests */ = {
			isa = PBXNativeTarget;
			buildConfigurationList = 9447CDA82CFACC3500EBD846 /* Build configuration list for PBXNativeTarget "InvertebrateUITests" */;
			buildPhases = (
				53779E5560243329DCFCB2DE /* [CP] Check Pods Manifest.lock */,
				9447CD942CFACC3500EBD846 /* Sources */,
				9447CD952CFACC3500EBD846 /* Frameworks */,
				9447CD962CFACC3500EBD846 /* Resources */,
				8CE2AE8E1ADA2E043EB6E1E7 /* [CP] Embed Pods Frameworks */,
			);
			buildRules = (
			);
			dependencies = (
				9447CD9A2CFACC3500EBD846 /* PBXTargetDependency */,
			);
			fileSystemSynchronizedGroups = (
				9447CD9B2CFACC3500EBD846 /* InvertebrateUITests */,
			);
			name = InvertebrateUITests;
			productName = InvertebrateUITests;
			productReference = 9447CD982CFACC3500EBD846 /* InvertebrateUITests.xctest */;
			productType = "com.apple.product-type.bundle.ui-testing";
		};
/* End PBXNativeTarget section */

/* Begin PBXProject section */
		9447CD762CFACC3400EBD846 /* Project object */ = {
			isa = PBXProject;
			attributes = {
				BuildIndependentTargetsInParallel = 1;
				LastSwiftUpdateCheck = 1610;
				LastUpgradeCheck = 1610;
				TargetAttributes = {
					9447CD7D2CFACC3400EBD846 = {
						CreatedOnToolsVersion = 16.1;
					};
					9447CD8D2CFACC3500EBD846 = {
						CreatedOnToolsVersion = 16.1;
						TestTargetID = 9447CD7D2CFACC3400EBD846;
					};
					9447CD972CFACC3500EBD846 = {
						CreatedOnToolsVersion = 16.1;
						TestTargetID = 9447CD7D2CFACC3400EBD846;
					};
				};
			};
			buildConfigurationList = 9447CD792CFACC3400EBD846 /* Build configuration list for PBXProject "Invertebrate" */;
			developmentRegion = en;
			hasScannedForEncodings = 0;
			knownRegions = (
				en,
				Base,
			);
			mainGroup = 9447CD752CFACC3400EBD846;
			minimizedProjectReferenceProxies = 1;
			preferredProjectObjectVersion = 77;
			productRefGroup = 9447CD7F2CFACC3400EBD846 /* Products */;
			projectDirPath = "";
			projectRoot = "";
			targets = (
				9447CD7D2CFACC3400EBD846 /* Invertebrate */,
				9447CD8D2CFACC3500EBD846 /* InvertebrateTests */,
				9447CD972CFACC3500EBD846 /* InvertebrateUITests */,
			);
		};
/* End PBXProject section */

/* Begin PBXResourcesBuildPhase section */
		9447CD7C2CFACC3400EBD846 /* Resources */ = {
			isa = PBXResourcesBuildPhase;
			buildActionMask = 2147483647;
			files = (
			);
			runOnlyForDeploymentPostprocessing = 0;
		};
		9447CD8C2CFACC3500EBD846 /* Resources */ = {
			isa = PBXResourcesBuildPhase;
			buildActionMask = 2147483647;
			files = (
			);
			runOnlyForDeploymentPostprocessing = 0;
		};
		9447CD962CFACC3500EBD846 /* Resources */ = {
			isa = PBXResourcesBuildPhase;
			buildActionMask = 2147483647;
			files = (
			);
			runOnlyForDeploymentPostprocessing = 0;
		};
/* End PBXResourcesBuildPhase section */

/* Begin PBXShellScriptBuildPhase section */
		21AE6554003CBA0F2CD64C46 /* [CP] Check Pods Manifest.lock */ = {
			isa = PBXShellScriptBuildPhase;
			buildActionMask = 2147483647;
			files = (
			);
			inputFileListPaths = (
			);
			inputPaths = (
				"${PODS_PODFILE_DIR_PATH}/Podfile.lock",
				"${PODS_ROOT}/Manifest.lock",
			);
			name = "[CP] Check Pods Manifest.lock";
			outputFileListPaths = (
			);
			outputPaths = (
				"$(DERIVED_FILE_DIR)/Pods-Invertebrate-checkManifestLockResult.txt",
			);
			runOnlyForDeploymentPostprocessing = 0;
			shellPath = /bin/sh;
			shellScript = "diff \"${PODS_PODFILE_DIR_PATH}/Podfile.lock\" \"${PODS_ROOT}/Manifest.lock\" > /dev/null\nif [ $? != 0 ] ; then\n    # print error to STDERR\n    echo \"error: The sandbox is not in sync with the Podfile.lock. Run 'pod install' or update your CocoaPods installation.\" >&2\n    exit 1\nfi\n# This output is used by Xcode 'outputs' to avoid re-running this script phase.\necho \"SUCCESS\" > \"${SCRIPT_OUTPUT_FILE_0}\"\n";
			showEnvVarsInLog = 0;
		};
		3D7E2C10E5170A533EAF3015 /* [CP] Check Pods Manifest.lock */ = {
			isa = PBXShellScriptBuildPhase;
			buildActionMask = 2147483647;
			files = (
			);
			inputFileListPaths = (
			);
			inputPaths = (
				"${PODS_PODFILE_DIR_PATH}/Podfile.lock",
				"${PODS_ROOT}/Manifest.lock",
			);
			name = "[CP] Check Pods Manifest.lock";
			outputFileListPaths = (
			);
			outputPaths = (
				"$(DERIVED_FILE_DIR)/Pods-InvertebrateTests-checkManifestLockResult.txt",
			);
			runOnlyForDeploymentPostprocessing = 0;
			shellPath = /bin/sh;
			shellScript = "diff \"${PODS_PODFILE_DIR_PATH}/Podfile.lock\" \"${PODS_ROOT}/Manifest.lock\" > /dev/null\nif [ $? != 0 ] ; then\n    # print error to STDERR\n    echo \"error: The sandbox is not in sync with the Podfile.lock. Run 'pod install' or update your CocoaPods installation.\" >&2\n    exit 1\nfi\n# This output is used by Xcode 'outputs' to avoid re-running this script phase.\necho \"SUCCESS\" > \"${SCRIPT_OUTPUT_FILE_0}\"\n";
			showEnvVarsInLog = 0;
		};
		53779E5560243329DCFCB2DE /* [CP] Check Pods Manifest.lock */ = {
			isa = PBXShellScriptBuildPhase;
			buildActionMask = 2147483647;
			files = (
			);
			inputFileListPaths = (
			);
			inputPaths = (
				"${PODS_PODFILE_DIR_PATH}/Podfile.lock",
				"${PODS_ROOT}/Manifest.lock",
			);
			name = "[CP] Check Pods Manifest.lock";
			outputFileListPaths = (
			);
			outputPaths = (
				"$(DERIVED_FILE_DIR)/Pods-Invertebrate-InvertebrateUITests-checkManifestLockResult.txt",
			);
			runOnlyForDeploymentPostprocessing = 0;
			shellPath = /bin/sh;
			shellScript = "diff \"${PODS_PODFILE_DIR_PATH}/Podfile.lock\" \"${PODS_ROOT}/Manifest.lock\" > /dev/null\nif [ $? != 0 ] ; then\n    # print error to STDERR\n    echo \"error: The sandbox is not in sync with the Podfile.lock. Run 'pod install' or update your CocoaPods installation.\" >&2\n    exit 1\nfi\n# This output is used by Xcode 'outputs' to avoid re-running this script phase.\necho \"SUCCESS\" > \"${SCRIPT_OUTPUT_FILE_0}\"\n";
			showEnvVarsInLog = 0;
		};
		88D8813A3E90FF51EEAEB7D9 /* [CP] Embed Pods Frameworks */ = {
			isa = PBXShellScriptBuildPhase;
			buildActionMask = 2147483647;
			files = (
			);
			inputFileListPaths = (
				"${PODS_ROOT}/Target Support Files/Pods-Invertebrate/Pods-Invertebrate-frameworks-${CONFIGURATION}-input-files.xcfilelist",
			);
			name = "[CP] Embed Pods Frameworks";
			outputFileListPaths = (
				"${PODS_ROOT}/Target Support Files/Pods-Invertebrate/Pods-Invertebrate-frameworks-${CONFIGURATION}-output-files.xcfilelist",
			);
			runOnlyForDeploymentPostprocessing = 0;
			shellPath = /bin/sh;
			shellScript = "\"${PODS_ROOT}/Target Support Files/Pods-Invertebrate/Pods-Invertebrate-frameworks.sh\"\n";
			showEnvVarsInLog = 0;
		};
		8CE2AE8E1ADA2E043EB6E1E7 /* [CP] Embed Pods Frameworks */ = {
			isa = PBXShellScriptBuildPhase;
			buildActionMask = 2147483647;
			files = (
			);
			inputFileListPaths = (
				"${PODS_ROOT}/Target Support Files/Pods-Invertebrate-InvertebrateUITests/Pods-Invertebrate-InvertebrateUITests-frameworks-${CONFIGURATION}-input-files.xcfilelist",
			);
			name = "[CP] Embed Pods Frameworks";
			outputFileListPaths = (
				"${PODS_ROOT}/Target Support Files/Pods-Invertebrate-InvertebrateUITests/Pods-Invertebrate-InvertebrateUITests-frameworks-${CONFIGURATION}-output-files.xcfilelist",
			);
			runOnlyForDeploymentPostprocessing = 0;
			shellPath = /bin/sh;
			shellScript = "\"${PODS_ROOT}/Target Support Files/Pods-Invertebrate-InvertebrateUITests/Pods-Invertebrate-InvertebrateUITests-frameworks.sh\"\n";
			showEnvVarsInLog = 0;
		};
/* End PBXShellScriptBuildPhase section */

/* Begin PBXSourcesBuildPhase section */
		9447CD7A2CFACC3400EBD846 /* Sources */ = {
			isa = PBXSourcesBuildPhase;
			buildActionMask = 2147483647;
			files = (
			);
			runOnlyForDeploymentPostprocessing = 0;
		};
		9447CD8A2CFACC3500EBD846 /* Sources */ = {
			isa = PBXSourcesBuildPhase;
			buildActionMask = 2147483647;
			files = (
			);
			runOnlyForDeploymentPostprocessing = 0;
		};
		9447CD942CFACC3500EBD846 /* Sources */ = {
			isa = PBXSourcesBuildPhase;
			buildActionMask = 2147483647;
			files = (
			);
			runOnlyForDeploymentPostprocessing = 0;
		};
/* End PBXSourcesBuildPhase section */

/* Begin PBXTargetDependency section */
		9447CD902CFACC3500EBD846 /* PBXTargetDependency */ = {
			isa = PBXTargetDependency;
			target = 9447CD7D2CFACC3400EBD846 /* Invertebrate */;
			targetProxy = 9447CD8F2CFACC3500EBD846 /* PBXContainerItemProxy */;
		};
		9447CD9A2CFACC3500EBD846 /* PBXTargetDependency */ = {
			isa = PBXTargetDependency;
			target = 9447CD7D2CFACC3400EBD846 /* Invertebrate */;
			targetProxy = 9447CD992CFACC3500EBD846 /* PBXContainerItemProxy */;
		};
/* End PBXTargetDependency section */

/* Begin XCBuildConfiguration section */
		9447CDA02CFACC3500EBD846 /* Debug */ = {
			isa = XCBuildConfiguration;
			buildSettings = {
				ALWAYS_SEARCH_USER_PATHS = NO;
				ASSETCATALOG_COMPILER_GENERATE_SWIFT_ASSET_SYMBOL_EXTENSIONS = YES;
				CLANG_ANALYZER_NONNULL = YES;
				CLANG_ANALYZER_NUMBER_OBJECT_CONVERSION = YES_AGGRESSIVE;
				CLANG_CXX_LANGUAGE_STANDARD = "gnu++20";
				CLANG_ENABLE_MODULES = YES;
				CLANG_ENABLE_OBJC_ARC = YES;
				CLANG_ENABLE_OBJC_WEAK = YES;
				CLANG_WARN_BLOCK_CAPTURE_AUTORELEASING = YES;
				CLANG_WARN_BOOL_CONVERSION = YES;
				CLANG_WARN_COMMA = YES;
				CLANG_WARN_CONSTANT_CONVERSION = YES;
				CLANG_WARN_DEPRECATED_OBJC_IMPLEMENTATIONS = YES;
				CLANG_WARN_DIRECT_OBJC_ISA_USAGE = YES_ERROR;
				CLANG_WARN_DOCUMENTATION_COMMENTS = YES;
				CLANG_WARN_EMPTY_BODY = YES;
				CLANG_WARN_ENUM_CONVERSION = YES;
				CLANG_WARN_INFINITE_RECURSION = YES;
				CLANG_WARN_INT_CONVERSION = YES;
				CLANG_WARN_NON_LITERAL_NULL_CONVERSION = YES;
				CLANG_WARN_OBJC_IMPLICIT_RETAIN_SELF = YES;
				CLANG_WARN_OBJC_LITERAL_CONVERSION = YES;
				CLANG_WARN_OBJC_ROOT_CLASS = YES_ERROR;
				CLANG_WARN_QUOTED_INCLUDE_IN_FRAMEWORK_HEADER = YES;
				CLANG_WARN_RANGE_LOOP_ANALYSIS = YES;
				CLANG_WARN_STRICT_PROTOTYPES = YES;
				CLANG_WARN_SUSPICIOUS_MOVE = YES;
				CLANG_WARN_UNGUARDED_AVAILABILITY = YES_AGGRESSIVE;
				CLANG_WARN_UNREACHABLE_CODE = YES;
				CLANG_WARN__DUPLICATE_METHOD_MATCH = YES;
				COPY_PHASE_STRIP = NO;
				DEBUG_INFORMATION_FORMAT = dwarf;
				ENABLE_STRICT_OBJC_MSGSEND = YES;
				ENABLE_TESTABILITY = YES;
				ENABLE_USER_SCRIPT_SANDBOXING = YES;
				GCC_C_LANGUAGE_STANDARD = gnu17;
				GCC_DYNAMIC_NO_PIC = NO;
				GCC_NO_COMMON_BLOCKS = YES;
				GCC_OPTIMIZATION_LEVEL = 0;
				GCC_PREPROCESSOR_DEFINITIONS = (
					"DEBUG=1",
					"$(inherited)",
				);
				GCC_WARN_64_TO_32_BIT_CONVERSION = YES;
				GCC_WARN_ABOUT_RETURN_TYPE = YES_ERROR;
				GCC_WARN_UNDECLARED_SELECTOR = YES;
				GCC_WARN_UNINITIALIZED_AUTOS = YES_AGGRESSIVE;
				GCC_WARN_UNUSED_FUNCTION = YES;
				GCC_WARN_UNUSED_VARIABLE = YES;
				IPHONEOS_DEPLOYMENT_TARGET = 18.1;
				LOCALIZATION_PREFERS_STRING_CATALOGS = YES;
				MTL_ENABLE_DEBUG_INFO = INCLUDE_SOURCE;
				MTL_FAST_MATH = YES;
				ONLY_ACTIVE_ARCH = YES;
				SDKROOT = iphoneos;
				SWIFT_ACTIVE_COMPILATION_CONDITIONS = "DEBUG $(inherited)";
				SWIFT_OPTIMIZATION_LEVEL = "-Onone";
			};
			name = Debug;
		};
		9447CDA12CFACC3500EBD846 /* Release */ = {
			isa = XCBuildConfiguration;
			buildSettings = {
				ALWAYS_SEARCH_USER_PATHS = NO;
				ASSETCATALOG_COMPILER_GENERATE_SWIFT_ASSET_SYMBOL_EXTENSIONS = YES;
				CLANG_ANALYZER_NONNULL = YES;
				CLANG_ANALYZER_NUMBER_OBJECT_CONVERSION = YES_AGGRESSIVE;
				CLANG_CXX_LANGUAGE_STANDARD = "gnu++20";
				CLANG_ENABLE_MODULES = YES;
				CLANG_ENABLE_OBJC_ARC = YES;
				CLANG_ENABLE_OBJC_WEAK = YES;
				CLANG_WARN_BLOCK_CAPTURE_AUTORELEASING = YES;
				CLANG_WARN_BOOL_CONVERSION = YES;
				CLANG_WARN_COMMA = YES;
				CLANG_WARN_CONSTANT_CONVERSION = YES;
				CLANG_WARN_DEPRECATED_OBJC_IMPLEMENTATIONS = YES;
				CLANG_WARN_DIRECT_OBJC_ISA_USAGE = YES_ERROR;
				CLANG_WARN_DOCUMENTATION_COMMENTS = YES;
				CLANG_WARN_EMPTY_BODY = YES;
				CLANG_WARN_ENUM_CONVERSION = YES;
				CLANG_WARN_INFINITE_RECURSION = YES;
				CLANG_WARN_INT_CONVERSION = YES;
				CLANG_WARN_NON_LITERAL_NULL_CONVERSION = YES;
				CLANG_WARN_OBJC_IMPLICIT_RETAIN_SELF = YES;
				CLANG_WARN_OBJC_LITERAL_CONVERSION = YES;
				CLANG_WARN_OBJC_ROOT_CLASS = YES_ERROR;
				CLANG_WARN_QUOTED_INCLUDE_IN_FRAMEWORK_HEADER = YES;
				CLANG_WARN_RANGE_LOOP_ANALYSIS = YES;
				CLANG_WARN_STRICT_PROTOTYPES = YES;
				CLANG_WARN_SUSPICIOUS_MOVE = YES;
				CLANG_WARN_UNGUARDED_AVAILABILITY = YES_AGGRESSIVE;
				CLANG_WARN_UNREACHABLE_CODE = YES;
				CLANG_WARN__DUPLICATE_METHOD_MATCH = YES;
				COPY_PHASE_STRIP = NO;
				DEBUG_INFORMATION_FORMAT = "dwarf-with-dsym";
				ENABLE_NS_ASSERTIONS = NO;
				ENABLE_STRICT_OBJC_MSGSEND = YES;
				ENABLE_USER_SCRIPT_SANDBOXING = YES;
				GCC_C_LANGUAGE_STANDARD = gnu17;
				GCC_NO_COMMON_BLOCKS = YES;
				GCC_WARN_64_TO_32_BIT_CONVERSION = YES;
				GCC_WARN_ABOUT_RETURN_TYPE = YES_ERROR;
				GCC_WARN_UNDECLARED_SELECTOR = YES;
				GCC_WARN_UNINITIALIZED_AUTOS = YES_AGGRESSIVE;
				GCC_WARN_UNUSED_FUNCTION = YES;
				GCC_WARN_UNUSED_VARIABLE = YES;
				IPHONEOS_DEPLOYMENT_TARGET = 18.1;
				LOCALIZATION_PREFERS_STRING_CATALOGS = YES;
				MTL_ENABLE_DEBUG_INFO = NO;
				MTL_FAST_MATH = YES;
				SDKROOT = iphoneos;
				SWIFT_COMPILATION_MODE = wholemodule;
				VALIDATE_PRODUCT = YES;
			};
			name = Release;
		};
		9447CDA32CFACC3500EBD846 /* Debug */ = {
			isa = XCBuildConfiguration;
			baseConfigurationReference = 84EB85C80ED4663CE1AC4E60 /* Pods-Invertebrate.debug.xcconfig */;
			buildSettings = {
				ASSETCATALOG_COMPILER_APPICON_NAME = AppIcon;
				ASSETCATALOG_COMPILER_GLOBAL_ACCENT_COLOR_NAME = AccentColor;
				CODE_SIGN_STYLE = Automatic;
				CURRENT_PROJECT_VERSION = 1;
				DEVELOPMENT_ASSET_PATHS = "\"Invertebrate/Preview Content\"";
				DEVELOPMENT_TEAM = 35346WXZ4F;
				ENABLE_PREVIEWS = YES;
				GENERATE_INFOPLIST_FILE = YES;
				INFOPLIST_KEY_UIApplicationSceneManifest_Generation = YES;
				INFOPLIST_KEY_UIApplicationSupportsIndirectInputEvents = YES;
				INFOPLIST_KEY_UILaunchScreen_Generation = YES;
				INFOPLIST_KEY_UISupportedInterfaceOrientations_iPad = "UIInterfaceOrientationPortrait UIInterfaceOrientationPortraitUpsideDown UIInterfaceOrientationLandscapeLeft UIInterfaceOrientationLandscapeRight";
				INFOPLIST_KEY_UISupportedInterfaceOrientations_iPhone = "UIInterfaceOrientationPortrait UIInterfaceOrientationLandscapeLeft UIInterfaceOrientationLandscapeRight";
				LD_RUNPATH_SEARCH_PATHS = (
					"$(inherited)",
					"@executable_path/Frameworks",
				);
				MARKETING_VERSION = 1.0;
				PRODUCT_BUNDLE_IDENTIFIER = Tamusa.Invertebrate;
				PRODUCT_NAME = "$(TARGET_NAME)";
				SWIFT_EMIT_LOC_STRINGS = YES;
				SWIFT_VERSION = 5.0;
				TARGETED_DEVICE_FAMILY = "1,2";
			};
			name = Debug;
		};
		9447CDA42CFACC3500EBD846 /* Release */ = {
			isa = XCBuildConfiguration;
			baseConfigurationReference = 6A39A8E3F83C15BA43FB9D43 /* Pods-Invertebrate.release.xcconfig */;
			buildSettings = {
				ASSETCATALOG_COMPILER_APPICON_NAME = AppIcon;
				ASSETCATALOG_COMPILER_GLOBAL_ACCENT_COLOR_NAME = AccentColor;
				CODE_SIGN_STYLE = Automatic;
				CURRENT_PROJECT_VERSION = 1;
				DEVELOPMENT_ASSET_PATHS = "\"Invertebrate/Preview Content\"";
				DEVELOPMENT_TEAM = 35346WXZ4F;
				ENABLE_PREVIEWS = YES;
				GENERATE_INFOPLIST_FILE = YES;
				INFOPLIST_KEY_UIApplicationSceneManifest_Generation = YES;
				INFOPLIST_KEY_UIApplicationSupportsIndirectInputEvents = YES;
				INFOPLIST_KEY_UILaunchScreen_Generation = YES;
				INFOPLIST_KEY_UISupportedInterfaceOrientations_iPad = "UIInterfaceOrientationPortrait UIInterfaceOrientationPortraitUpsideDown UIInterfaceOrientationLandscapeLeft UIInterfaceOrientationLandscapeRight";
				INFOPLIST_KEY_UISupportedInterfaceOrientations_iPhone = "UIInterfaceOrientationPortrait UIInterfaceOrientationLandscapeLeft UIInterfaceOrientationLandscapeRight";
				LD_RUNPATH_SEARCH_PATHS = (
					"$(inherited)",
					"@executable_path/Frameworks",
				);
				MARKETING_VERSION = 1.0;
				PRODUCT_BUNDLE_IDENTIFIER = Tamusa.Invertebrate;
				PRODUCT_NAME = "$(TARGET_NAME)";
				SWIFT_EMIT_LOC_STRINGS = YES;
				SWIFT_VERSION = 5.0;
				TARGETED_DEVICE_FAMILY = "1,2";
			};
			name = Release;
		};
		9447CDA62CFACC3500EBD846 /* Debug */ = {
			isa = XCBuildConfiguration;
			baseConfigurationReference = 0BF8DCDC7C11AC08CFFA6491 /* Pods-InvertebrateTests.debug.xcconfig */;
			buildSettings = {
				BUNDLE_LOADER = "$(TEST_HOST)";
				CODE_SIGN_STYLE = Automatic;
				CURRENT_PROJECT_VERSION = 1;
				GENERATE_INFOPLIST_FILE = YES;
				IPHONEOS_DEPLOYMENT_TARGET = 18.1;
				MARKETING_VERSION = 1.0;
				PRODUCT_BUNDLE_IDENTIFIER = Tamusa.InvertebrateTests;
				PRODUCT_NAME = "$(TARGET_NAME)";
				SWIFT_EMIT_LOC_STRINGS = NO;
				SWIFT_VERSION = 5.0;
				TARGETED_DEVICE_FAMILY = "1,2";
				TEST_HOST = "$(BUILT_PRODUCTS_DIR)/Invertebrate.app/$(BUNDLE_EXECUTABLE_FOLDER_PATH)/Invertebrate";
			};
			name = Debug;
		};
		9447CDA72CFACC3500EBD846 /* Release */ = {
			isa = XCBuildConfiguration;
			baseConfigurationReference = 4517EFDA384043F5E348092A /* Pods-InvertebrateTests.release.xcconfig */;
			buildSettings = {
				BUNDLE_LOADER = "$(TEST_HOST)";
				CODE_SIGN_STYLE = Automatic;
				CURRENT_PROJECT_VERSION = 1;
				GENERATE_INFOPLIST_FILE = YES;
				IPHONEOS_DEPLOYMENT_TARGET = 18.1;
				MARKETING_VERSION = 1.0;
				PRODUCT_BUNDLE_IDENTIFIER = Tamusa.InvertebrateTests;
				PRODUCT_NAME = "$(TARGET_NAME)";
				SWIFT_EMIT_LOC_STRINGS = NO;
				SWIFT_VERSION = 5.0;
				TARGETED_DEVICE_FAMILY = "1,2";
				TEST_HOST = "$(BUILT_PRODUCTS_DIR)/Invertebrate.app/$(BUNDLE_EXECUTABLE_FOLDER_PATH)/Invertebrate";
			};
			name = Release;
		};
		9447CDA92CFACC3500EBD846 /* Debug */ = {
			isa = XCBuildConfiguration;
			baseConfigurationReference = 6729857566EF63618B209B58 /* Pods-Invertebrate-InvertebrateUITests.debug.xcconfig */;
			buildSettings = {
				CODE_SIGN_STYLE = Automatic;
				CURRENT_PROJECT_VERSION = 1;
				GENERATE_INFOPLIST_FILE = YES;
				MARKETING_VERSION = 1.0;
				PRODUCT_BUNDLE_IDENTIFIER = Tamusa.InvertebrateUITests;
				PRODUCT_NAME = "$(TARGET_NAME)";
				SWIFT_EMIT_LOC_STRINGS = NO;
				SWIFT_VERSION = 5.0;
				TARGETED_DEVICE_FAMILY = "1,2";
				TEST_TARGET_NAME = Invertebrate;
			};
			name = Debug;
		};
		9447CDAA2CFACC3500EBD846 /* Release */ = {
			isa = XCBuildConfiguration;
			baseConfigurationReference = CB7E5C887EC82FC605D07189 /* Pods-Invertebrate-InvertebrateUITests.release.xcconfig */;
			buildSettings = {
				CODE_SIGN_STYLE = Automatic;
				CURRENT_PROJECT_VERSION = 1;
				GENERATE_INFOPLIST_FILE = YES;
				MARKETING_VERSION = 1.0;
				PRODUCT_BUNDLE_IDENTIFIER = Tamusa.InvertebrateUITests;
				PRODUCT_NAME = "$(TARGET_NAME)";
				SWIFT_EMIT_LOC_STRINGS = NO;
				SWIFT_VERSION = 5.0;
				TARGETED_DEVICE_FAMILY = "1,2";
				TEST_TARGET_NAME = Invertebrate;
			};
			name = Release;
		};
/* End XCBuildConfiguration section */

/* Begin XCConfigurationList section */
		9447CD792CFACC3400EBD846 /* Build configuration list for PBXProject "Invertebrate" */ = {
			isa = XCConfigurationList;
			buildConfigurations = (
				9447CDA02CFACC3500EBD846 /* Debug */,
				9447CDA12CFACC3500EBD846 /* Release */,
			);
			defaultConfigurationIsVisible = 0;
			defaultConfigurationName = Release;
		};
		9447CDA22CFACC3500EBD846 /* Build configuration list for PBXNativeTarget "Invertebrate" */ = {
			isa = XCConfigurationList;
			buildConfigurations = (
				9447CDA32CFACC3500EBD846 /* Debug */,
				9447CDA42CFACC3500EBD846 /* Release */,
			);
			defaultConfigurationIsVisible = 0;
			defaultConfigurationName = Release;
		};
		9447CDA52CFACC3500EBD846 /* Build configuration list for PBXNativeTarget "InvertebrateTests" */ = {
			isa = XCConfigurationList;
			buildConfigurations = (
				9447CDA62CFACC3500EBD846 /* Debug */,
				9447CDA72CFACC3500EBD846 /* Release */,
			);
			defaultConfigurationIsVisible = 0;
			defaultConfigurationName = Release;
		};
		9447CDA82CFACC3500EBD846 /* Build configuration list for PBXNativeTarget "InvertebrateUITests" */ = {
			isa = XCConfigurationList;
			buildConfigurations = (
				9447CDA92CFACC3500EBD846 /* Debug */,
				9447CDAA2CFACC3500EBD846 /* Release */,
			);
			defaultConfigurationIsVisible = 0;
			defaultConfigurationName = Release;
		};
/* End XCConfigurationList section */
	};
	rootObject = 9447CD762CFACC3400EBD846 /* Project object */;
}
